
Microsoft Visual Studio Solution File, Format Version 12.00
# Visual Studio Version 16
VisualStudioVersion = 16.0.29806.167
MinimumVisualStudioVersion = 10.0.40219.1
Project("{8BC9CEB8-8B4A-11D0-8D11-00A0C91BC942}") = "Mara2Dtest", "Mara2Dtest\Mara2Dtest.vcxproj", "{B4554204-2FF5-4228-8E5B-90F363849DDE}"
EndProject
Global
	GlobalSection(SolutionConfigurationPlatforms) = preSolution
		Debug|x64 = Debug|x64
		Debug|x86 = Debug|x86
		Release|x64 = Release|x64
		Release|x86 = Release|x86
	EndGlobalSection
	GlobalSection(ProjectConfigurationPlatforms) = postSolution
		{B4554204-2FF5-4228-8E5B-90F363849DDE}.Debug|x64.ActiveCfg = Debug|x64
		{B4554204-2FF5-4228-8E5B-90F363849DDE}.Debug|x64.Build.0 = Debug|x64
		{B4554204-2FF5-4228-8E5B-90F363849DDE}.Debug|x86.ActiveCfg = Debug|Win32
		{B4554204-2FF5-4228-8E5B-90F363849DDE}.Debug|x86.Build.0 = Debug|Win32
		{B4554204-2FF5-4228-8E5B-90F363849DDE}.Release|x64.ActiveCfg = Release|x64
		{B4554204-2FF5-4228-8E5B-90F363849DDE}.Release|x64.Build.0 = Release|x64
		{B4554204-2FF5-4228-8E5B-90F363849DDE}.Release|x86.ActiveCfg = Release|Win32
		{B4554204-2FF5-4228-8E5B-90F363849DDE}.Release|x86.Build.0 = Release|Win32
	EndGlobalSection
	GlobalSection(SolutionProperties) = preSolution
		HideSolutionNode = FALSE
	EndGlobalSection
	GlobalSection(ExtensibilityGlobals) = postSolution
		SolutionGuid = {EC6FC853-EBB9-40FC-8931-325604BF81A8}
	EndGlobalSection
EndGlobal
